
Microsoft Visual Studio Solution File, Format Version 12.00
# Visual Studio Version 17
VisualStudioVersion = 17.7.34024.191
MinimumVisualStudioVersion = 10.0.40219.1
Project("{9A19103F-16F7-4668-BE54-9A1E7A4F7556}") = "Task_1", "lab_5\Task_1.csproj", "{D39B6778-FD69-4926-AD27-324B70CFFDBF}"
EndProject
Project("{9A19103F-16F7-4668-BE54-9A1E7A4F7556}") = "Task_3", "task_1\Task_3.csproj", "{593F20FE-A5BC-4977-A72A-624B43DB1948}"
EndProject
Project("{FAE04EC0-301F-11D3-BF4B-00C04F79EFBC}") = "Task_2", "Task_2\Task_2.csproj", "{2518F5CF-88F5-4BAB-95D8-76A41FFB50C6}"
EndProject
Global
	GlobalSection(SolutionConfigurationPlatforms) = preSolution
		Debug|Any CPU = Debug|Any CPU
		Release|Any CPU = Release|Any CPU
	EndGlobalSection
	GlobalSection(ProjectConfigurationPlatforms) = postSolution
		{D39B6778-FD69-4926-AD27-324B70CFFDBF}.Debug|Any CPU.ActiveCfg = Debug|Any CPU
		{D39B6778-FD69-4926-AD27-324B70CFFDBF}.Debug|Any CPU.Build.0 = Debug|Any CPU
		{D39B6778-FD69-4926-AD27-324B70CFFDBF}.Release|Any CPU.ActiveCfg = Release|Any CPU
		{D39B6778-FD69-4926-AD27-324B70CFFDBF}.Release|Any CPU.Build.0 = Release|Any CPU
		{593F20FE-A5BC-4977-A72A-624B43DB1948}.Debug|Any CPU.ActiveCfg = Debug|Any CPU
		{593F20FE-A5BC-4977-A72A-624B43DB1948}.Debug|Any CPU.Build.0 = Debug|Any CPU
		{593F20FE-A5BC-4977-A72A-624B43DB1948}.Release|Any CPU.ActiveCfg = Release|Any CPU
		{593F20FE-A5BC-4977-A72A-624B43DB1948}.Release|Any CPU.Build.0 = Release|Any CPU
		{2518F5CF-88F5-4BAB-95D8-76A41FFB50C6}.Debug|Any CPU.ActiveCfg = Debug|Any CPU
		{2518F5CF-88F5-4BAB-95D8-76A41FFB50C6}.Debug|Any CPU.Build.0 = Debug|Any CPU
		{2518F5CF-88F5-4BAB-95D8-76A41FFB50C6}.Release|Any CPU.ActiveCfg = Release|Any CPU
		{2518F5CF-88F5-4BAB-95D8-76A41FFB50C6}.Release|Any CPU.Build.0 = Release|Any CPU
	EndGlobalSection
	GlobalSection(SolutionProperties) = preSolution
		HideSolutionNode = FALSE
	EndGlobalSection
	GlobalSection(ExtensibilityGlobals) = postSolution
		SolutionGuid = {47EC8DBC-34F7-4510-BE73-8D5163A87E2D}
	EndGlobalSection
EndGlobal
